
Microsoft Visual Studio Solution File, Format Version 12.00
# Visual Studio 15
VisualStudioVersion = 15.0.27703.2042
MinimumVisualStudioVersion = 10.0.40219.1
Project("{FAE04EC0-301F-11D3-BF4B-00C04F79EFBC}") = "RegistrationAPI", "RegistrationAPI\RegistrationAPI.csproj", "{11C5945E-AE1B-4E4C-8635-DA2928628CBA}"
EndProject
Global
	GlobalSection(SolutionConfigurationPlatforms) = preSolution
		Debug|Any CPU = Debug|Any CPU
		Release|Any CPU = Release|Any CPU
	EndGlobalSection
	GlobalSection(ProjectConfigurationPlatforms) = postSolution
		{11C5945E-AE1B-4E4C-8635-DA2928628CBA}.Debug|Any CPU.ActiveCfg = Debug|Any CPU
		{11C5945E-AE1B-4E4C-8635-DA2928628CBA}.Debug|Any CPU.Build.0 = Debug|Any CPU
		{11C5945E-AE1B-4E4C-8635-DA2928628CBA}.Release|Any CPU.ActiveCfg = Release|Any CPU
		{11C5945E-AE1B-4E4C-8635-DA2928628CBA}.Release|Any CPU.Build.0 = Release|Any CPU
	EndGlobalSection
	GlobalSection(SolutionProperties) = preSolution
		HideSolutionNode = FALSE
	EndGlobalSection
	GlobalSection(ExtensibilityGlobals) = postSolution
		SolutionGuid = {74F06345-8616-4C37-AC91-F6D9D66255BE}
	EndGlobalSection
EndGlobal
